
Microsoft Visual Studio Solution File, Format Version 12.00
# Visual Studio Version 17
VisualStudioVersion = 17.14.36518.9
MinimumVisualStudioVersion = 10.0.40219.1
Project("{54A90642-561A-4BB1-A94E-469ADEE60C69}") = "libreriachacon.client", "libreriachacon.client\libreriachacon.client.esproj", "{0F197ED3-6B66-4A0C-61AF-C88114F627C1}"
EndProject
Project("{FAE04EC0-301F-11D3-BF4B-00C04F79EFBC}") = "LibreriaChacon.Server", "LibreriaChacon.Server\LibreriaChacon.Server.csproj", "{59715961-3214-4F74-8798-66613EA1F28D}"
EndProject
Global
	GlobalSection(SolutionConfigurationPlatforms) = preSolution
		Debug|Any CPU = Debug|Any CPU
		Release|Any CPU = Release|Any CPU
	EndGlobalSection
	GlobalSection(ProjectConfigurationPlatforms) = postSolution
		{0F197ED3-6B66-4A0C-61AF-C88114F627C1}.Debug|Any CPU.ActiveCfg = Debug|Any CPU
		{0F197ED3-6B66-4A0C-61AF-C88114F627C1}.Debug|Any CPU.Build.0 = Debug|Any CPU
		{0F197ED3-6B66-4A0C-61AF-C88114F627C1}.Debug|Any CPU.Deploy.0 = Debug|Any CPU
		{0F197ED3-6B66-4A0C-61AF-C88114F627C1}.Release|Any CPU.ActiveCfg = Release|Any CPU
		{0F197ED3-6B66-4A0C-61AF-C88114F627C1}.Release|Any CPU.Build.0 = Release|Any CPU
		{0F197ED3-6B66-4A0C-61AF-C88114F627C1}.Release|Any CPU.Deploy.0 = Release|Any CPU
		{59715961-3214-4F74-8798-66613EA1F28D}.Debug|Any CPU.ActiveCfg = Debug|Any CPU
		{59715961-3214-4F74-8798-66613EA1F28D}.Debug|Any CPU.Build.0 = Debug|Any CPU
		{59715961-3214-4F74-8798-66613EA1F28D}.Release|Any CPU.ActiveCfg = Release|Any CPU
		{59715961-3214-4F74-8798-66613EA1F28D}.Release|Any CPU.Build.0 = Release|Any CPU
	EndGlobalSection
	GlobalSection(SolutionProperties) = preSolution
		HideSolutionNode = FALSE
	EndGlobalSection
	GlobalSection(ExtensibilityGlobals) = postSolution
		SolutionGuid = {67E91E26-AD79-47C3-AD93-95A03A570504}
	EndGlobalSection
EndGlobal
